
Microsoft Visual Studio Solution File, Format Version 12.00
# Visual Studio Version 17
VisualStudioVersion = 17.0.31611.283
MinimumVisualStudioVersion = 10.0.40219.1
Project("{9A19103F-16F7-4668-BE54-9A1E7A4F7556}") = "XamlBasicsLab", "XamlBasicsLab\XamlBasicsLab.csproj", "{D4B47F55-48D7-435A-BF2D-F54808586201}"
EndProject
Project("{9A19103F-16F7-4668-BE54-9A1E7A4F7556}") = "LayoutLab", "LayoutLab\LayoutLab.csproj", "{580DCE7C-76B9-43EC-B713-A554F15D06B5}"
EndProject
Project("{9A19103F-16F7-4668-BE54-9A1E7A4F7556}") = "CustomControlLab", "CustomControlLab\CustomControlLab.csproj", "{BF7D51D3-8C28-4E09-B554-CB88723E319F}"
EndProject
Project("{9A19103F-16F7-4668-BE54-9A1E7A4F7556}") = "Sandwiches", "DatabindingLab\Sandwiches.csproj", "{599C4C54-4FD5-442F-9C56-0EEA5B1F645D}"
EndProject
Global
	GlobalSection(SolutionConfigurationPlatforms) = preSolution
		Debug|Any CPU = Debug|Any CPU
		Release|Any CPU = Release|Any CPU
	EndGlobalSection
	GlobalSection(ProjectConfigurationPlatforms) = postSolution
		{D4B47F55-48D7-435A-BF2D-F54808586201}.Debug|Any CPU.ActiveCfg = Debug|Any CPU
		{D4B47F55-48D7-435A-BF2D-F54808586201}.Debug|Any CPU.Build.0 = Debug|Any CPU
		{D4B47F55-48D7-435A-BF2D-F54808586201}.Debug|Any CPU.Deploy.0 = Debug|Any CPU
		{D4B47F55-48D7-435A-BF2D-F54808586201}.Release|Any CPU.ActiveCfg = Release|Any CPU
		{D4B47F55-48D7-435A-BF2D-F54808586201}.Release|Any CPU.Build.0 = Release|Any CPU
		{D4B47F55-48D7-435A-BF2D-F54808586201}.Release|Any CPU.Deploy.0 = Release|Any CPU
		{580DCE7C-76B9-43EC-B713-A554F15D06B5}.Debug|Any CPU.ActiveCfg = Debug|Any CPU
		{580DCE7C-76B9-43EC-B713-A554F15D06B5}.Debug|Any CPU.Build.0 = Debug|Any CPU
		{580DCE7C-76B9-43EC-B713-A554F15D06B5}.Debug|Any CPU.Deploy.0 = Debug|Any CPU
		{580DCE7C-76B9-43EC-B713-A554F15D06B5}.Release|Any CPU.ActiveCfg = Release|Any CPU
		{580DCE7C-76B9-43EC-B713-A554F15D06B5}.Release|Any CPU.Build.0 = Release|Any CPU
		{580DCE7C-76B9-43EC-B713-A554F15D06B5}.Release|Any CPU.Deploy.0 = Release|Any CPU
		{BF7D51D3-8C28-4E09-B554-CB88723E319F}.Debug|Any CPU.ActiveCfg = Debug|Any CPU
		{BF7D51D3-8C28-4E09-B554-CB88723E319F}.Debug|Any CPU.Build.0 = Debug|Any CPU
		{BF7D51D3-8C28-4E09-B554-CB88723E319F}.Debug|Any CPU.Deploy.0 = Debug|Any CPU
		{BF7D51D3-8C28-4E09-B554-CB88723E319F}.Release|Any CPU.ActiveCfg = Release|Any CPU
		{BF7D51D3-8C28-4E09-B554-CB88723E319F}.Release|Any CPU.Build.0 = Release|Any CPU
		{BF7D51D3-8C28-4E09-B554-CB88723E319F}.Release|Any CPU.Deploy.0 = Release|Any CPU
		{599C4C54-4FD5-442F-9C56-0EEA5B1F645D}.Debug|Any CPU.ActiveCfg = Debug|Any CPU
		{599C4C54-4FD5-442F-9C56-0EEA5B1F645D}.Debug|Any CPU.Build.0 = Debug|Any CPU
		{599C4C54-4FD5-442F-9C56-0EEA5B1F645D}.Debug|Any CPU.Deploy.0 = Debug|Any CPU
		{599C4C54-4FD5-442F-9C56-0EEA5B1F645D}.Release|Any CPU.ActiveCfg = Release|Any CPU
		{599C4C54-4FD5-442F-9C56-0EEA5B1F645D}.Release|Any CPU.Build.0 = Release|Any CPU
		{599C4C54-4FD5-442F-9C56-0EEA5B1F645D}.Release|Any CPU.Deploy.0 = Release|Any CPU
	EndGlobalSection
	GlobalSection(SolutionProperties) = preSolution
		HideSolutionNode = FALSE
	EndGlobalSection
	GlobalSection(ExtensibilityGlobals) = postSolution
		SolutionGuid = {61F7FB11-1E47-470C-91E2-47F8143E1572}
	EndGlobalSection
EndGlobal
